
Microsoft Visual Studio Solution File, Format Version 12.00
# Visual Studio Version 17
VisualStudioVersion = 17.5.002.0
MinimumVisualStudioVersion = 10.0.40219.1
Project("{9A19103F-16F7-4668-BE54-9A1E7A4F7556}") = "TestGame", "TestGame.csproj", "{78109B52-DA81-4024-A153-0169CAE84268}"
EndProject
Global
	GlobalSection(SolutionConfigurationPlatforms) = preSolution
		Debug|Any CPU = Debug|Any CPU
		Release|Any CPU = Release|Any CPU
	EndGlobalSection
	GlobalSection(ProjectConfigurationPlatforms) = postSolution
		{78109B52-DA81-4024-A153-0169CAE84268}.Debug|Any CPU.ActiveCfg = Debug|Any CPU
		{78109B52-DA81-4024-A153-0169CAE84268}.Debug|Any CPU.Build.0 = Debug|Any CPU
		{78109B52-DA81-4024-A153-0169CAE84268}.Release|Any CPU.ActiveCfg = Release|Any CPU
		{78109B52-DA81-4024-A153-0169CAE84268}.Release|Any CPU.Build.0 = Release|Any CPU
	EndGlobalSection
	GlobalSection(SolutionProperties) = preSolution
		HideSolutionNode = FALSE
	EndGlobalSection
	GlobalSection(ExtensibilityGlobals) = postSolution
		SolutionGuid = {C6EEAEB5-1016-416F-9104-CC3105C0E80E}
	EndGlobalSection
EndGlobal
